# This file is automatically @generated by Poetry 1.8.3 and should not be changed by hand.

[[package]]
name = "xmltodict"
version = "0.14.2"
description = "Makes working with XML feel like you are working with JSON"
optional = false
python-versions = ">=3.6"
files = [
    {file = "xmltodict-0.14.2-py2.py3-none-any.whl", hash = "sha256:20cc7d723ed729276e808f26fb6b3599f786cbc37e06c65e192ba77c40f20aac"},
    {file = "xmltodict-0.14.2.tar.gz", hash = "sha256:201e7c28bb210e374999d1dde6382923ab0ed1a8a5faeece48ab525b7810a553"},
]

[metadata]
lock-version = "2.0"
python-versions = "^3.13"
content-hash = "30e0c8c1bffe9c9654283e4f7c2e501679a0159db07d908766a61141cdcea1b3"
